<?xml version="1.0" encoding="utf-8"?>
<Project ToolsVersion="4.0" xmlns="http://schemas.microsoft.com/developer/msbuild/2003">
  <ItemGroup>
    <Filter Include="源文件">
      <UniqueIdentifier>{4FC737F1-C7A5-4376-A066-2A32D752A2FF}</UniqueIdentifier>
      <Extensions>cpp;c;cc;cxx;def;odl;idl;hpj;bat;asm;asmx</Extensions>
    </Filter>
    <Filter Include="头文件">
      <UniqueIdentifier>{93995380-89BD-4b04-88EB-625FBE52EBFB}</UniqueIdentifier>
      <Extensions>h;hh;hpp;hxx;hm;inl;inc;xsd</Extensions>
    </Filter>
    <Filter Include="资源文件">
      <UniqueIdentifier>{67DA6AB6-F800-4c08-8B7A-83BB121AAD01}</UniqueIdentifier>
      <Extensions>rc;ico;cur;bmp;dlg;rc2;rct;bin;rgs;gif;jpg;jpeg;jpe;resx;tiff;tif;png;wav;mfcribbon-ms</Extensions>
    </Filter>
  </ItemGroup>
  <ItemGroup>
    <ClInclude Include="Cola.h">
      <Filter>头文件</Filter>
    </ClInclude>
    <ClInclude Include="imgui\imconfig.h">
      <Filter>头文件</Filter>
    </ClInclude>
    <ClInclude Include="imgui\imgui.h">
      <Filter>头文件</Filter>
    </ClInclude>
    <ClInclude Include="imgui\imgui_impl_glfw_gl3.h">
      <Filter>头文件</Filter>
    </ClInclude>
    <ClInclude Include="imgui\imgui_internal.h">
      <Filter>头文件</Filter>
    </ClInclude>
    <ClInclude Include="imgui\stb_rect_pack.h">
      <Filter>头文件</Filter>
    </ClInclude>
    <ClInclude Include="imgui\stb_textedit.h">
      <Filter>头文件</Filter>
    </ClInclude>
    <ClInclude Include="imgui\stb_truetype.h">
      <Filter>头文件</Filter>
    </ClInclude>
    <ClInclude Include="Render\Shader.h">
      <Filter>头文件</Filter>
    </ClInclude>
    <ClInclude Include="Render\Mesh.h">
      <Filter>头文件</Filter>
    </ClInclude>
    <ClInclude Include="Basic\Transform.h">
      <Filter>头文件</Filter>
    </ClInclude>
    <ClInclude Include="Render\Renderer.h">
      <Filter>头文件</Filter>
    </ClInclude>
    <ClInclude Include="Render\Pass\FinalPass.h">
      <Filter>头文件</Filter>
    </ClInclude>
    <ClInclude Include="Basic\Shape.h">
      <Filter>头文件</Filter>
    </ClInclude>
    <ClInclude Include="Scene\Camera.h">
      <Filter>头文件</Filter>
    </ClInclude>
    <ClInclude Include="Scene\Scene.h">
      <Filter>头文件</Filter>
    </ClInclude>
    <ClInclude Include="Basic\Screen.h">
      <Filter>头文件</Filter>
    </ClInclude>
    <ClInclude Include="Render\Pass\GeometryPass.h">
      <Filter>头文件</Filter>
    </ClInclude>
    <ClInclude Include="Scene\Model.h">
      <Filter>头文件</Filter>
    </ClInclude>
    <ClInclude Include="Render\Texture.h">
      <Filter>头文件</Filter>
    </ClInclude>
    <ClInclude Include="Render\Pass\LightingPass.h">
      <Filter>头文件</Filter>
    </ClInclude>
    <ClInclude Include="Render\Pass\PrePass.h">
      <Filter>头文件</Filter>
    </ClInclude>
    <ClInclude Include="Render\HDRI.h">
      <Filter>头文件</Filter>
    </ClInclude>
    <ClInclude Include="Render\ImageEffect\SSAO.h">
      <Filter>头文件</Filter>
    </ClInclude>
    <ClInclude Include="Render\ImageEffect\Bloom.h">
      <Filter>头文件</Filter>
    </ClInclude>
    <ClInclude Include="Render\ImageEffect\DepthOfField.h">
      <Filter>头文件</Filter>
    </ClInclude>
    <ClInclude Include="Basic\Cursor.h">
      <Filter>头文件</Filter>
    </ClInclude>
    <ClInclude Include="Basic\Time.h">
      <Filter>头文件</Filter>
    </ClInclude>
    <ClInclude Include="Scene\Sphere.h">
      <Filter>头文件</Filter>
    </ClInclude>
  </ItemGroup>
  <ItemGroup>
    <ClCompile Include="Src\Cola.cpp">
      <Filter>源文件</Filter>
    </ClCompile>
    <ClCompile Include="imgui\imgui.cpp">
      <Filter>源文件</Filter>
    </ClCompile>
    <ClCompile Include="imgui\imgui_demo.cpp">
      <Filter>源文件</Filter>
    </ClCompile>
    <ClCompile Include="imgui\imgui_draw.cpp">
      <Filter>源文件</Filter>
    </ClCompile>
    <ClCompile Include="imgui\imgui_impl_glfw_gl3.cpp">
      <Filter>源文件</Filter>
    </ClCompile>
    <ClCompile Include="Src\glad.c">
      <Filter>源文件</Filter>
    </ClCompile>
    <ClCompile Include="Src\Transform.cpp">
      <Filter>源文件</Filter>
    </ClCompile>
    <ClCompile Include="Src\Shader.cpp">
      <Filter>源文件</Filter>
    </ClCompile>
    <ClCompile Include="Src\Mesh.cpp">
      <Filter>源文件</Filter>
    </ClCompile>
    <ClCompile Include="Src\FinalPass.cpp">
      <Filter>源文件</Filter>
    </ClCompile>
    <ClCompile Include="Src\Shape.cpp">
      <Filter>源文件</Filter>
    </ClCompile>
    <ClCompile Include="Src\Renderer.cpp">
      <Filter>源文件</Filter>
    </ClCompile>
    <ClCompile Include="Src\Camera.cpp">
      <Filter>源文件</Filter>
    </ClCompile>
    <ClCompile Include="Src\Screen.cpp">
      <Filter>源文件</Filter>
    </ClCompile>
    <ClCompile Include="Src\Scene.cpp">
      <Filter>源文件</Filter>
    </ClCompile>
    <ClCompile Include="Src\Texture.cpp">
      <Filter>源文件</Filter>
    </ClCompile>
    <ClCompile Include="Src\GeometryPass.cpp">
      <Filter>源文件</Filter>
    </ClCompile>
    <ClCompile Include="Src\Model.cpp">
      <Filter>源文件</Filter>
    </ClCompile>
    <ClCompile Include="Src\PrePass.cpp">
      <Filter>源文件</Filter>
    </ClCompile>
    <ClCompile Include="Src\HDRI.cpp">
      <Filter>源文件</Filter>
    </ClCompile>
    <ClCompile Include="Src\LightingPass.cpp">
      <Filter>源文件</Filter>
    </ClCompile>
    <ClCompile Include="Src\Time.cpp">
      <Filter>源文件</Filter>
    </ClCompile>
    <ClCompile Include="Src\Cursor.cpp">
      <Filter>源文件</Filter>
    </ClCompile>
    <ClCompile Include="Src\SSAO.cpp">
      <Filter>源文件</Filter>
    </ClCompile>
    <ClCompile Include="Src\Bloom.cpp">
      <Filter>源文件</Filter>
    </ClCompile>
    <ClCompile Include="Src\DepthOfField.cpp">
      <Filter>源文件</Filter>
    </ClCompile>
    <ClCompile Include="Src\Sphere.cpp">
      <Filter>源文件</Filter>
    </ClCompile>
  </ItemGroup>
</Project>